
Microsoft Visual Studio Solution File, Format Version 12.00
# Visual Studio 15
VisualStudioVersion = 15.0.28307.271
MinimumVisualStudioVersion = 10.0.40219.1
Project("{FAE04EC0-301F-11D3-BF4B-00C04F79EFBC}") = "CollectionsApplication1", "CollectionsApplication1\CollectionsApplication1.csproj", "{4FA33957-27C7-49BB-8077-6EAC17755FF3}"
EndProject
Project("{FAE04EC0-301F-11D3-BF4B-00C04F79EFBC}") = "CollectionApplication1Test", "CollectionApplication1Test\CollectionApplication1Test.csproj", "{89E25812-4757-4D32-A658-C2EDD672C4E6}"
EndProject
Global
	GlobalSection(SolutionConfigurationPlatforms) = preSolution
		Debug|Any CPU = Debug|Any CPU
		Release|Any CPU = Release|Any CPU
	EndGlobalSection
	GlobalSection(ProjectConfigurationPlatforms) = postSolution
		{4FA33957-27C7-49BB-8077-6EAC17755FF3}.Debug|Any CPU.ActiveCfg = Debug|Any CPU
		{4FA33957-27C7-49BB-8077-6EAC17755FF3}.Debug|Any CPU.Build.0 = Debug|Any CPU
		{4FA33957-27C7-49BB-8077-6EAC17755FF3}.Release|Any CPU.ActiveCfg = Release|Any CPU
		{4FA33957-27C7-49BB-8077-6EAC17755FF3}.Release|Any CPU.Build.0 = Release|Any CPU
		{89E25812-4757-4D32-A658-C2EDD672C4E6}.Debug|Any CPU.ActiveCfg = Debug|Any CPU
		{89E25812-4757-4D32-A658-C2EDD672C4E6}.Debug|Any CPU.Build.0 = Debug|Any CPU
		{89E25812-4757-4D32-A658-C2EDD672C4E6}.Release|Any CPU.ActiveCfg = Release|Any CPU
		{89E25812-4757-4D32-A658-C2EDD672C4E6}.Release|Any CPU.Build.0 = Release|Any CPU
	EndGlobalSection
	GlobalSection(SolutionProperties) = preSolution
		HideSolutionNode = FALSE
	EndGlobalSection
	GlobalSection(ExtensibilityGlobals) = postSolution
		SolutionGuid = {89E7D439-18EB-40AC-8C81-C8B5769DEFAA}
	EndGlobalSection
EndGlobal
